version: 2.0
shards:
  clim:
    git: https://github.com/at-grandpa/clim.git
    version: 0.12.0

  crinja:
    git: https://github.com/straight-shoota/crinja.git
    version: 0.6.0+git.commit.96039f1d59a1113f525b9e4292d75f05b9858427

  crystaldocker:
    git: https://github.com/crystaluniverse/crystaldocker.git
    version: 0.1.0+git.commit.ad269cd10adc77d3ddd70fd9bea682305c5f4c5e

  crystaltools:
    git: https://github.com/crystaluniverse/crystaltools.git
    version: 0.1.0+git.commit.dd81b4b1f2aa5d6a9ff022cf8405108dd56ca532

  crystar:
    git: https://github.com/naqvis/crystar.git
    version: 0.1.8

  docker:
    git: https://github.com/aca-labs/crystal-docker.git
    version: 0.1.0+git.commit.898cea2884ea1305e49b7e52c5fa5d0553f843c2

  exception_page:
    git: https://github.com/crystal-loot/exception_page.git
    version: 0.1.4

  kemal:
    git: https://github.com/kemalcr/kemal.git
    version: 0.26.1+git.commit.a8c0f09b858162bd13c96663febef5527b322a32

  kemal-session:
    git: https://github.com/kemalcr/kemal-session.git
    version: 0.12.1+git.commit.a9d25e5c851c5bab84be51ee2af47c21adbe3726

  kilt:
    git: https://github.com/jeromegn/kilt.git
    version: 0.4.0

  markd:
    git: https://github.com/icyleaf/markd.git
    version: 0.2.1

  msgpack:
    git: https://github.com/crystal-community/msgpack-crystal.git
    version: 0.17.1

  neph:
    git: https://github.com/tbrand/neph.git
    version: 0.2.12

  pool:
    git: https://github.com/ysbaddaden/pool.git
    version: 0.2.3

  radix:
    git: https://github.com/luislavena/radix.git
    version: 0.3.9

  redis:
    git: https://github.com/crystaluniverse/crystal-redis.git
    version: 2.6.0

  ssh2:
    git: https://github.com/spider-gazelle/ssh2.cr.git
    version: 1.3.3

  toml:
    git: https://github.com/crystal-community/toml.cr.git
    version: 0.6.1+git.commit.d02de85eed68a70dc97ab6d6e52831a4d0e890fe

